
Microsoft Visual Studio Solution File, Format Version 12.00
# Visual Studio Version 17
VisualStudioVersion = 17.9.34622.214
MinimumVisualStudioVersion = 10.0.40219.1
Project("{FAE04EC0-301F-11D3-BF4B-00C04F79EFBC}") = "crt", "crt\crt.csproj", "{FF829AA2-E3B6-428D-A095-B609580F07FB}"
EndProject
Global
	GlobalSection(SolutionConfigurationPlatforms) = preSolution
		Debug|Any CPU = Debug|Any CPU
		Release|Any CPU = Release|Any CPU
	EndGlobalSection
	GlobalSection(ProjectConfigurationPlatforms) = postSolution
		{FF829AA2-E3B6-428D-A095-B609580F07FB}.Debug|Any CPU.ActiveCfg = Debug|Any CPU
		{FF829AA2-E3B6-428D-A095-B609580F07FB}.Debug|Any CPU.Build.0 = Debug|Any CPU
		{FF829AA2-E3B6-428D-A095-B609580F07FB}.Release|Any CPU.ActiveCfg = Release|Any CPU
		{FF829AA2-E3B6-428D-A095-B609580F07FB}.Release|Any CPU.Build.0 = Release|Any CPU
	EndGlobalSection
	GlobalSection(SolutionProperties) = preSolution
		HideSolutionNode = FALSE
	EndGlobalSection
	GlobalSection(ExtensibilityGlobals) = postSolution
		SolutionGuid = {A04ECF4B-1A98-4F42-9E9A-00FC14D2AAE2}
	EndGlobalSection
EndGlobal
